
Microsoft Visual Studio Solution File, Format Version 12.00
# Visual Studio 15
VisualStudioVersion = 15.0.28307.1267
MinimumVisualStudioVersion = 10.0.40219.1
Project("{FAE04EC0-301F-11D3-BF4B-00C04F79EFBC}") = "k-systems", "k-systems\k-systems.csproj", "{A8778A76-F806-486C-98F9-02BEE40AAD60}"
EndProject
Global
	GlobalSection(SolutionConfigurationPlatforms) = preSolution
		Debug|Any CPU = Debug|Any CPU
		Release|Any CPU = Release|Any CPU
	EndGlobalSection
	GlobalSection(ProjectConfigurationPlatforms) = postSolution
		{A8778A76-F806-486C-98F9-02BEE40AAD60}.Debug|Any CPU.ActiveCfg = Debug|Any CPU
		{A8778A76-F806-486C-98F9-02BEE40AAD60}.Debug|Any CPU.Build.0 = Debug|Any CPU
		{A8778A76-F806-486C-98F9-02BEE40AAD60}.Release|Any CPU.ActiveCfg = Release|Any CPU
		{A8778A76-F806-486C-98F9-02BEE40AAD60}.Release|Any CPU.Build.0 = Release|Any CPU
	EndGlobalSection
	GlobalSection(SolutionProperties) = preSolution
		HideSolutionNode = FALSE
	EndGlobalSection
	GlobalSection(ExtensibilityGlobals) = postSolution
		SolutionGuid = {684C2B7B-9BBD-4966-A1DE-860DC4C2521B}
	EndGlobalSection
EndGlobal
